github.com/fermyon/spin/sdk/go/v2 v2.0.0-20240122224952-c973a878f021 h1:btVvhHStqDFm7or/+CKIwcJbOYLy8Co/U/qs2D6DYM8=
github.com/fermyon/spin/sdk/go/v2 v2.0.0-20240122224952-c973a878f021/go.mod h1:kfJ+gdf/xIaKrsC6JHCUDYMv2Bzib1ohFIYUzvP+SCw=
github.com/julienschmidt/httprouter v1.3.0 h1:U0609e9tgbseu3rBINet9P48AI/D3oJs4dN7jwJOQ1U=
github.com/julienschmidt/httprouter v1.3.0/go.mod h1:JR6WtHb+2LUe8TCKY3cZOxFyyO8IZAc4RVcycCCAKdM=
